PODS:
  - SpotlightLyrics (0.1.4)

DEPENDENCIES:
  - SpotlightLyrics

SPEC REPOS:
  https://github.com/cocoapods/specs.git:
    - SpotlightLyrics

SPEC CHECKSUMS:
  SpotlightLyrics: 3ddc5547663a1afe8b064cfc2934d471767fa875

PODFILE CHECKSUM: cb59211c22dd0d148c7f1eabcab49aef7612ffb9

COCOAPODS: 1.5.3
