PODS:
  - SpotlightLyrics (0.1.3)

DEPENDENCIES:
  - SpotlightLyrics

SPEC REPOS:
  https://github.com/cocoapods/specs.git:
    - SpotlightLyrics

SPEC CHECKSUMS:
  SpotlightLyrics: 1406b1998c6fc59c1ff829e57c0dd6e12c4c3cfc

PODFILE CHECKSUM: cb59211c22dd0d148c7f1eabcab49aef7612ffb9

COCOAPODS: 1.5.3
