PODS:
  - SpotlightLyrics (0.1.5)

DEPENDENCIES:
  - SpotlightLyrics

SPEC REPOS:
  https://github.com/cocoapods/specs.git:
    - SpotlightLyrics

SPEC CHECKSUMS:
  SpotlightLyrics: dd24e435678db20b476b454447e767f3f88f2b6e

PODFILE CHECKSUM: cb59211c22dd0d148c7f1eabcab49aef7612ffb9

COCOAPODS: 1.5.3
